
Microsoft Visual Studio Solution File, Format Version 12.00
Project("{FAE04EC0-301F-11D3-BF4B-00C04F79EFBC}") = "IM.Common.Models", "IM.Common.Models\IM.Common.Models.csproj", "{DE28F7EF-21F5-4F0D-B135-A70540EDFF75}"
EndProject
Project("{FAE04EC0-301F-11D3-BF4B-00C04F79EFBC}") = "IM.Common.Extensions", "IM.Common.Extensions\IM.Common.Extensions.csproj", "{52486E43-3D0A-49F1-AE24-3C0E52D38FEE}"
EndProject
Project("{FAE04EC0-301F-11D3-BF4B-00C04F79EFBC}") = "IM.Common.EF", "IM.Common.EF\IM.Common.EF.csproj", "{FE24FE8E-EB11-4E61-8DE2-6AC15863FFB0}"
EndProject
Project("{FAE04EC0-301F-11D3-BF4B-00C04F79EFBC}") = "IM.Common.Grpc", "IM.Common.Grpc\IM.Common.Grpc.csproj", "{F20AB37E-95DB-470F-AECF-768D8E3CCC15}"
EndProject
Project("{2150E333-8FDC-42A3-9474-1A3956D46DE8}") = "Redis", "Redis", "{A8CF2421-F565-47F3-ADF3-670FCBA0B984}"
EndProject
Project("{FAE04EC0-301F-11D3-BF4B-00C04F79EFBC}") = "IM.Common.MediatR", "IM.Common.MediatR\IM.Common.MediatR.csproj", "{C7347B04-33BD-4082-A575-91CE8D8BED14}"
EndProject
Project("{FAE04EC0-301F-11D3-BF4B-00C04F79EFBC}") = "IM.Common.Redis.DistributedCache", "IM.Common.Redis.DistributedCache\IM.Common.Redis.DistributedCache.csproj", "{0664655A-F745-430C-A084-859E72A94F75}"
EndProject
Global
	GlobalSection(SolutionConfigurationPlatforms) = preSolution
		Debug|Any CPU = Debug|Any CPU
		Release|Any CPU = Release|Any CPU
	EndGlobalSection
	GlobalSection(ProjectConfigurationPlatforms) = postSolution
		{DE28F7EF-21F5-4F0D-B135-A70540EDFF75}.Debug|Any CPU.ActiveCfg = Debug|Any CPU
		{DE28F7EF-21F5-4F0D-B135-A70540EDFF75}.Debug|Any CPU.Build.0 = Debug|Any CPU
		{DE28F7EF-21F5-4F0D-B135-A70540EDFF75}.Release|Any CPU.ActiveCfg = Release|Any CPU
		{DE28F7EF-21F5-4F0D-B135-A70540EDFF75}.Release|Any CPU.Build.0 = Release|Any CPU
		{52486E43-3D0A-49F1-AE24-3C0E52D38FEE}.Debug|Any CPU.ActiveCfg = Debug|Any CPU
		{52486E43-3D0A-49F1-AE24-3C0E52D38FEE}.Debug|Any CPU.Build.0 = Debug|Any CPU
		{52486E43-3D0A-49F1-AE24-3C0E52D38FEE}.Release|Any CPU.ActiveCfg = Release|Any CPU
		{52486E43-3D0A-49F1-AE24-3C0E52D38FEE}.Release|Any CPU.Build.0 = Release|Any CPU
		{FE24FE8E-EB11-4E61-8DE2-6AC15863FFB0}.Debug|Any CPU.ActiveCfg = Debug|Any CPU
		{FE24FE8E-EB11-4E61-8DE2-6AC15863FFB0}.Debug|Any CPU.Build.0 = Debug|Any CPU
		{FE24FE8E-EB11-4E61-8DE2-6AC15863FFB0}.Release|Any CPU.ActiveCfg = Release|Any CPU
		{FE24FE8E-EB11-4E61-8DE2-6AC15863FFB0}.Release|Any CPU.Build.0 = Release|Any CPU
		{F20AB37E-95DB-470F-AECF-768D8E3CCC15}.Debug|Any CPU.ActiveCfg = Debug|Any CPU
		{F20AB37E-95DB-470F-AECF-768D8E3CCC15}.Debug|Any CPU.Build.0 = Debug|Any CPU
		{F20AB37E-95DB-470F-AECF-768D8E3CCC15}.Release|Any CPU.ActiveCfg = Release|Any CPU
		{F20AB37E-95DB-470F-AECF-768D8E3CCC15}.Release|Any CPU.Build.0 = Release|Any CPU
		{C7347B04-33BD-4082-A575-91CE8D8BED14}.Debug|Any CPU.ActiveCfg = Debug|Any CPU
		{C7347B04-33BD-4082-A575-91CE8D8BED14}.Debug|Any CPU.Build.0 = Debug|Any CPU
		{C7347B04-33BD-4082-A575-91CE8D8BED14}.Release|Any CPU.ActiveCfg = Release|Any CPU
		{C7347B04-33BD-4082-A575-91CE8D8BED14}.Release|Any CPU.Build.0 = Release|Any CPU
		{0664655A-F745-430C-A084-859E72A94F75}.Debug|Any CPU.ActiveCfg = Debug|Any CPU
		{0664655A-F745-430C-A084-859E72A94F75}.Debug|Any CPU.Build.0 = Debug|Any CPU
		{0664655A-F745-430C-A084-859E72A94F75}.Release|Any CPU.ActiveCfg = Release|Any CPU
		{0664655A-F745-430C-A084-859E72A94F75}.Release|Any CPU.Build.0 = Release|Any CPU
	EndGlobalSection
EndGlobal
